
Microsoft Visual Studio Solution File, Format Version 12.00
# Visual Studio Version 17
VisualStudioVersion = 17.7.34018.315
MinimumVisualStudioVersion = 10.0.40219.1
Project("{2150E333-8FDC-42A3-9474-1A3956D46DE8}") = "src", "src", "{C79782B6-8AA1-462F-B7D6-B3DA0BA41A27}"
EndProject
Project("{2150E333-8FDC-42A3-9474-1A3956D46DE8}") = "Api", "Api", "{BE3E6FAB-F341-45A7-994B-CEFB8A0F5A41}"
EndProject
Project("{2150E333-8FDC-42A3-9474-1A3956D46DE8}") = "Infrastructure", "Infrastructure", "{A054B06D-2874-47ED-A280-358C0CE0838F}"
EndProject
Project("{2150E333-8FDC-42A3-9474-1A3956D46DE8}") = "WebApi", "WebApi", "{903A08F9-DB9D-454F-8F71-ACFF75DD97D8}"
EndProject
Project("{2150E333-8FDC-42A3-9474-1A3956D46DE8}") = "Clients", "Clients", "{C68362D2-C7EF-4E24-B648-035A0FB34999}"
EndProject
Project("{2150E333-8FDC-42A3-9474-1A3956D46DE8}") = "BlazorWeb", "BlazorWeb", "{80C54C7C-0269-4B41-B8CA-927460EFF14B}"
EndProject
Project("{2150E333-8FDC-42A3-9474-1A3956D46DE8}") = "Common", "Common", "{AD8B67E8-E2BA-4607-BA38-98CDCE633BEB}"
EndProject
Project("{2150E333-8FDC-42A3-9474-1A3956D46DE8}") = "Projections", "Projections", "{0527F846-11BF-472F-BB7A-6035AA09FB34}"
EndProject
Project("{2150E333-8FDC-42A3-9474-1A3956D46DE8}") = "Core", "Core", "{2914F074-893E-4D36-AE80-60E5434457B6}"
EndProject
Project("{9A19103F-16F7-4668-BE54-9A1E7A4F7556}") = "BlazorSozluk.Common", "src\Common\BlazorSozluk.Common\BlazorSozluk.Common.csproj", "{3585AF87-6475-4B64-B19C-E80940216209}"
EndProject
Project("{9A19103F-16F7-4668-BE54-9A1E7A4F7556}") = "BlazorSozluk.Api.Domain", "src\Api\Core\BlazorSozluk.Api.Domain\BlazorSozluk.Api.Domain.csproj", "{B5133D05-8CBF-4B51-BE15-90C66DA61115}"
EndProject
Project("{9A19103F-16F7-4668-BE54-9A1E7A4F7556}") = "BlazorSozluk.Api.Application", "src\Api\Core\BlazorSozluk.Api.Application\BlazorSozluk.Api.Application.csproj", "{8E449C7D-6902-4CD7-81F7-D583AF511BED}"
EndProject
Project("{9A19103F-16F7-4668-BE54-9A1E7A4F7556}") = "BlazorSozluk.Infrastructure.Persistence", "src\Api\Infrastructure\BlazorSozluk.Infrastructure.Persistence\BlazorSozluk.Infrastructure.Persistence.csproj", "{0F1463C2-2FCA-46BE-B2EA-84BF96F9AF8B}"
EndProject
Project("{9A19103F-16F7-4668-BE54-9A1E7A4F7556}") = "BlazorSozluk.Api.WebApi", "src\Api\WebApi\BlazorSozluk.Api.WebApi\BlazorSozluk.Api.WebApi.csproj", "{12BD0E8B-7CFF-4AB9-9E8D-C0D2FDBD4F06}"
EndProject
Project("{9A19103F-16F7-4668-BE54-9A1E7A4F7556}") = "BlazorSozluk.Projections.FavoriteService", "src\Projections\BlazorSozluk.Projections.FavoriteService\BlazorSozluk.Projections.FavoriteService.csproj", "{3E1DB7F9-CE0C-4A79-85FF-6FF36388B698}"
EndProject
Project("{9A19103F-16F7-4668-BE54-9A1E7A4F7556}") = "BlazorSozluk.Projections.VoteService", "src\Projections\BlazorSozluk.Projections.VoteService\BlazorSozluk.Projections.VoteService.csproj", "{2C34EAB3-E15F-43DD-9ED2-697EB4D90A4C}"
EndProject
Project("{9A19103F-16F7-4668-BE54-9A1E7A4F7556}") = "BlazorSozluk.Projections.UserService", "src\Projections\BlazorSozluk.Projections.UserService\BlazorSozluk.Projections.UserService.csproj", "{D11D078F-322F-42E3-8EBD-0D64E35CAF5A}"
EndProject
Project("{9A19103F-16F7-4668-BE54-9A1E7A4F7556}") = "BlazorSozluk.WebApp", "src\Clients\BlazorWeb\BlazorSozluk.WebApp\BlazorSozluk.WebApp.csproj", "{1D214214-F395-41B3-B394-59DD53836CCC}"
EndProject
Global
	GlobalSection(SolutionConfigurationPlatforms) = preSolution
		Debug|Any CPU = Debug|Any CPU
		Release|Any CPU = Release|Any CPU
	EndGlobalSection
	GlobalSection(ProjectConfigurationPlatforms) = postSolution
		{3585AF87-6475-4B64-B19C-E80940216209}.Debug|Any CPU.ActiveCfg = Debug|Any CPU
		{3585AF87-6475-4B64-B19C-E80940216209}.Debug|Any CPU.Build.0 = Debug|Any CPU
		{3585AF87-6475-4B64-B19C-E80940216209}.Release|Any CPU.ActiveCfg = Release|Any CPU
		{3585AF87-6475-4B64-B19C-E80940216209}.Release|Any CPU.Build.0 = Release|Any CPU
		{B5133D05-8CBF-4B51-BE15-90C66DA61115}.Debug|Any CPU.ActiveCfg = Debug|Any CPU
		{B5133D05-8CBF-4B51-BE15-90C66DA61115}.Debug|Any CPU.Build.0 = Debug|Any CPU
		{B5133D05-8CBF-4B51-BE15-90C66DA61115}.Release|Any CPU.ActiveCfg = Release|Any CPU
		{B5133D05-8CBF-4B51-BE15-90C66DA61115}.Release|Any CPU.Build.0 = Release|Any CPU
		{8E449C7D-6902-4CD7-81F7-D583AF511BED}.Debug|Any CPU.ActiveCfg = Debug|Any CPU
		{8E449C7D-6902-4CD7-81F7-D583AF511BED}.Debug|Any CPU.Build.0 = Debug|Any CPU
		{8E449C7D-6902-4CD7-81F7-D583AF511BED}.Release|Any CPU.ActiveCfg = Release|Any CPU
		{8E449C7D-6902-4CD7-81F7-D583AF511BED}.Release|Any CPU.Build.0 = Release|Any CPU
		{0F1463C2-2FCA-46BE-B2EA-84BF96F9AF8B}.Debug|Any CPU.ActiveCfg = Debug|Any CPU
		{0F1463C2-2FCA-46BE-B2EA-84BF96F9AF8B}.Debug|Any CPU.Build.0 = Debug|Any CPU
		{0F1463C2-2FCA-46BE-B2EA-84BF96F9AF8B}.Release|Any CPU.ActiveCfg = Release|Any CPU
		{0F1463C2-2FCA-46BE-B2EA-84BF96F9AF8B}.Release|Any CPU.Build.0 = Release|Any CPU
		{12BD0E8B-7CFF-4AB9-9E8D-C0D2FDBD4F06}.Debug|Any CPU.ActiveCfg = Debug|Any CPU
		{12BD0E8B-7CFF-4AB9-9E8D-C0D2FDBD4F06}.Debug|Any CPU.Build.0 = Debug|Any CPU
		{12BD0E8B-7CFF-4AB9-9E8D-C0D2FDBD4F06}.Release|Any CPU.ActiveCfg = Release|Any CPU
		{12BD0E8B-7CFF-4AB9-9E8D-C0D2FDBD4F06}.Release|Any CPU.Build.0 = Release|Any CPU
		{3E1DB7F9-CE0C-4A79-85FF-6FF36388B698}.Debug|Any CPU.ActiveCfg = Debug|Any CPU
		{3E1DB7F9-CE0C-4A79-85FF-6FF36388B698}.Debug|Any CPU.Build.0 = Debug|Any CPU
		{3E1DB7F9-CE0C-4A79-85FF-6FF36388B698}.Release|Any CPU.ActiveCfg = Release|Any CPU
		{3E1DB7F9-CE0C-4A79-85FF-6FF36388B698}.Release|Any CPU.Build.0 = Release|Any CPU
		{2C34EAB3-E15F-43DD-9ED2-697EB4D90A4C}.Debug|Any CPU.ActiveCfg = Debug|Any CPU
		{2C34EAB3-E15F-43DD-9ED2-697EB4D90A4C}.Debug|Any CPU.Build.0 = Debug|Any CPU
		{2C34EAB3-E15F-43DD-9ED2-697EB4D90A4C}.Release|Any CPU.ActiveCfg = Release|Any CPU
		{2C34EAB3-E15F-43DD-9ED2-697EB4D90A4C}.Release|Any CPU.Build.0 = Release|Any CPU
		{D11D078F-322F-42E3-8EBD-0D64E35CAF5A}.Debug|Any CPU.ActiveCfg = Debug|Any CPU
		{D11D078F-322F-42E3-8EBD-0D64E35CAF5A}.Debug|Any CPU.Build.0 = Debug|Any CPU
		{D11D078F-322F-42E3-8EBD-0D64E35CAF5A}.Release|Any CPU.ActiveCfg = Release|Any CPU
		{D11D078F-322F-42E3-8EBD-0D64E35CAF5A}.Release|Any CPU.Build.0 = Release|Any CPU
		{1D214214-F395-41B3-B394-59DD53836CCC}.Debug|Any CPU.ActiveCfg = Debug|Any CPU
		{1D214214-F395-41B3-B394-59DD53836CCC}.Debug|Any CPU.Build.0 = Debug|Any CPU
		{1D214214-F395-41B3-B394-59DD53836CCC}.Release|Any CPU.ActiveCfg = Release|Any CPU
		{1D214214-F395-41B3-B394-59DD53836CCC}.Release|Any CPU.Build.0 = Release|Any CPU
	EndGlobalSection
	GlobalSection(SolutionProperties) = preSolution
		HideSolutionNode = FALSE
	EndGlobalSection
	GlobalSection(NestedProjects) = preSolution
		{BE3E6FAB-F341-45A7-994B-CEFB8A0F5A41} = {C79782B6-8AA1-462F-B7D6-B3DA0BA41A27}
		{A054B06D-2874-47ED-A280-358C0CE0838F} = {BE3E6FAB-F341-45A7-994B-CEFB8A0F5A41}
		{903A08F9-DB9D-454F-8F71-ACFF75DD97D8} = {BE3E6FAB-F341-45A7-994B-CEFB8A0F5A41}
		{C68362D2-C7EF-4E24-B648-035A0FB34999} = {C79782B6-8AA1-462F-B7D6-B3DA0BA41A27}
		{80C54C7C-0269-4B41-B8CA-927460EFF14B} = {C68362D2-C7EF-4E24-B648-035A0FB34999}
		{AD8B67E8-E2BA-4607-BA38-98CDCE633BEB} = {C79782B6-8AA1-462F-B7D6-B3DA0BA41A27}
		{0527F846-11BF-472F-BB7A-6035AA09FB34} = {C79782B6-8AA1-462F-B7D6-B3DA0BA41A27}
		{2914F074-893E-4D36-AE80-60E5434457B6} = {BE3E6FAB-F341-45A7-994B-CEFB8A0F5A41}
		{3585AF87-6475-4B64-B19C-E80940216209} = {AD8B67E8-E2BA-4607-BA38-98CDCE633BEB}
		{B5133D05-8CBF-4B51-BE15-90C66DA61115} = {2914F074-893E-4D36-AE80-60E5434457B6}
		{8E449C7D-6902-4CD7-81F7-D583AF511BED} = {2914F074-893E-4D36-AE80-60E5434457B6}
		{0F1463C2-2FCA-46BE-B2EA-84BF96F9AF8B} = {A054B06D-2874-47ED-A280-358C0CE0838F}
		{12BD0E8B-7CFF-4AB9-9E8D-C0D2FDBD4F06} = {903A08F9-DB9D-454F-8F71-ACFF75DD97D8}
		{3E1DB7F9-CE0C-4A79-85FF-6FF36388B698} = {0527F846-11BF-472F-BB7A-6035AA09FB34}
		{2C34EAB3-E15F-43DD-9ED2-697EB4D90A4C} = {0527F846-11BF-472F-BB7A-6035AA09FB34}
		{D11D078F-322F-42E3-8EBD-0D64E35CAF5A} = {0527F846-11BF-472F-BB7A-6035AA09FB34}
		{1D214214-F395-41B3-B394-59DD53836CCC} = {80C54C7C-0269-4B41-B8CA-927460EFF14B}
	EndGlobalSection
	GlobalSection(ExtensibilityGlobals) = postSolution
		SolutionGuid = {CAA50822-441A-4FB3-A6FD-D7AF22F7F77A}
	EndGlobalSection
EndGlobal
